
Microsoft Visual Studio Solution File, Format Version 12.00
# Visual Studio Version 16
VisualStudioVersion = 16.0.29613.14
MinimumVisualStudioVersion = 10.0.40219.1
Project("{FAE04EC0-301F-11D3-BF4B-00C04F79EFBC}") = "cAlgo.API.Extensions.Series", "cAlgo.API.Extensions.Series\cAlgo.API.Extensions.Series.csproj", "{BBD42F2B-ABAC-4131-A4CE-A1A6C2677E75}"
EndProject
Global
	GlobalSection(SolutionConfigurationPlatforms) = preSolution
		Debug|Any CPU = Debug|Any CPU
		Release|Any CPU = Release|Any CPU
	EndGlobalSection
	GlobalSection(ProjectConfigurationPlatforms) = postSolution
		{BBD42F2B-ABAC-4131-A4CE-A1A6C2677E75}.Debug|Any CPU.ActiveCfg = Debug|Any CPU
		{BBD42F2B-ABAC-4131-A4CE-A1A6C2677E75}.Debug|Any CPU.Build.0 = Debug|Any CPU
		{BBD42F2B-ABAC-4131-A4CE-A1A6C2677E75}.Release|Any CPU.ActiveCfg = Release|Any CPU
		{BBD42F2B-ABAC-4131-A4CE-A1A6C2677E75}.Release|Any CPU.Build.0 = Release|Any CPU
	EndGlobalSection
	GlobalSection(SolutionProperties) = preSolution
		HideSolutionNode = FALSE
	EndGlobalSection
	GlobalSection(ExtensibilityGlobals) = postSolution
		SolutionGuid = {B70960F1-4E39-4142-9B2D-114EE6FC816C}
	EndGlobalSection
EndGlobal
